
Microsoft Visual Studio Solution File, Format Version 12.00
# Visual Studio Version 17
VisualStudioVersion = 17.10.34928.147
MinimumVisualStudioVersion = 10.0.40219.1
Project("{9A19103F-16F7-4668-BE54-9A1E7A4F7556}") = "UltimateTeam.Toolkit", "UltimateTeam.Toolkit\UltimateTeam.Toolkit.csproj", "{DE96B616-E6AB-4824-9A9C-CE407C882FDC}"
EndProject
Global
	GlobalSection(SolutionConfigurationPlatforms) = preSolution
		Debug|Any CPU = Debug|Any CPU
		Release|Any CPU = Release|Any CPU
	EndGlobalSection
	GlobalSection(ProjectConfigurationPlatforms) = postSolution
		{DE96B616-E6AB-4824-9A9C-CE407C882FDC}.Debug|Any CPU.ActiveCfg = Debug|Any CPU
		{DE96B616-E6AB-4824-9A9C-CE407C882FDC}.Debug|Any CPU.Build.0 = Debug|Any CPU
		{DE96B616-E6AB-4824-9A9C-CE407C882FDC}.Release|Any CPU.ActiveCfg = Release|Any CPU
		{DE96B616-E6AB-4824-9A9C-CE407C882FDC}.Release|Any CPU.Build.0 = Release|Any CPU
	EndGlobalSection
	GlobalSection(SolutionProperties) = preSolution
		HideSolutionNode = FALSE
	EndGlobalSection
	GlobalSection(ExtensibilityGlobals) = postSolution
		SolutionGuid = {37E92CF6-D9B3-4EE8-811F-E8F679DF0B6F}
	EndGlobalSection
EndGlobal
