
Microsoft Visual Studio Solution File, Format Version 12.00
# Visual Studio 2013
VisualStudioVersion = 12.0.20827.3
MinimumVisualStudioVersion = 10.0.40219.1
Project("{FAE04EC0-301F-11D3-BF4B-00C04F79EFBC}") = "UltimateTeam.Toolkit", "UltimateTeam.Toolkit\UltimateTeam.Toolkit.csproj", "{A761D7BC-C308-4AC5-8E9D-DFB02CAFE9CC}"
EndProject
Project("{FAE04EC0-301F-11D3-BF4B-00C04F79EFBC}") = "UltimateTeam.Toolkit.Tests", "UltimateTeam.Toolkit.Tests\UltimateTeam.Toolkit.Tests.csproj", "{1CD3AB2E-973F-4E22-AA3A-E3D55A761886}"
EndProject
Global
	GlobalSection(SolutionConfigurationPlatforms) = preSolution
		Debug|Any CPU = Debug|Any CPU
		Release|Any CPU = Release|Any CPU
	EndGlobalSection
	GlobalSection(ProjectConfigurationPlatforms) = postSolution
		{A761D7BC-C308-4AC5-8E9D-DFB02CAFE9CC}.Debug|Any CPU.ActiveCfg = Debug|Any CPU
		{A761D7BC-C308-4AC5-8E9D-DFB02CAFE9CC}.Debug|Any CPU.Build.0 = Debug|Any CPU
		{A761D7BC-C308-4AC5-8E9D-DFB02CAFE9CC}.Release|Any CPU.ActiveCfg = Release|Any CPU
		{A761D7BC-C308-4AC5-8E9D-DFB02CAFE9CC}.Release|Any CPU.Build.0 = Release|Any CPU
		{1CD3AB2E-973F-4E22-AA3A-E3D55A761886}.Debug|Any CPU.ActiveCfg = Debug|Any CPU
		{1CD3AB2E-973F-4E22-AA3A-E3D55A761886}.Debug|Any CPU.Build.0 = Debug|Any CPU
		{1CD3AB2E-973F-4E22-AA3A-E3D55A761886}.Release|Any CPU.ActiveCfg = Release|Any CPU
		{1CD3AB2E-973F-4E22-AA3A-E3D55A761886}.Release|Any CPU.Build.0 = Release|Any CPU
	EndGlobalSection
	GlobalSection(SolutionProperties) = preSolution
		HideSolutionNode = FALSE
	EndGlobalSection
EndGlobal
